<?xml version="1.0" encoding="utf-8"?>
<Project ToolsVersion="4.0" xmlns="http://schemas.microsoft.com/developer/msbuild/2003">
  <ItemGroup>
    <Filter Include="リソース ファイル">
      <UniqueIdentifier>{67DA6AB6-F800-4c08-8B7A-83BB121AAD01}</UniqueIdentifier>
      <Extensions>rc;ico;cur;bmp;dlg;rc2;rct;bin;rgs;gif;jpg;jpeg;jpe;resx;tiff;tif;png;wav;mfcribbon-ms</Extensions>
    </Filter>
    <Filter Include="manager">
      <UniqueIdentifier>{880a6e8b-974d-46dd-9213-7958abebb131}</UniqueIdentifier>
    </Filter>
    <Filter Include="scene">
      <UniqueIdentifier>{8e5de083-1a49-4985-9b7e-9206a04ec44c}</UniqueIdentifier>
    </Filter>
    <Filter Include="scene\base">
      <UniqueIdentifier>{7ac8651b-3e69-4a0d-8e34-31b25c64cff8}</UniqueIdentifier>
    </Filter>
    <Filter Include="container">
      <UniqueIdentifier>{6d9914d7-6539-4782-b4ee-2d3616fcd5b3}</UniqueIdentifier>
    </Filter>
  </ItemGroup>
  <ItemGroup>
    <ClCompile Include="GAME.cpp">
      <Filter>manager</Filter>
    </ClCompile>
    <ClCompile Include="main.cpp">
      <Filter>manager</Filter>
    </ClCompile>
    <ClCompile Include="GAME_CLEAR.cpp">
      <Filter>scene</Filter>
    </ClCompile>
    <ClCompile Include="GAME_OBJECT.cpp">
      <Filter>scene</Filter>
    </ClCompile>
    <ClCompile Include="GAME_OVER.cpp">
      <Filter>scene</Filter>
    </ClCompile>
    <ClCompile Include="STAGE.cpp">
      <Filter>scene</Filter>
    </ClCompile>
    <ClCompile Include="TITLE.cpp">
      <Filter>scene</Filter>
    </ClCompile>
    <ClCompile Include="SCENE.cpp">
      <Filter>scene\base</Filter>
    </ClCompile>
    <ClCompile Include="CONTAINER.cpp">
      <Filter>container</Filter>
    </ClCompile>
    <ClCompile Include="MAP.cpp" />
    <ClCompile Include="CHARACTER.cpp" />
    <ClCompile Include="CHARACTER_MANAGER.cpp" />
    <ClCompile Include="PLAYER.cpp" />
    <ClCompile Include="HIT_POINT.cpp" />
    <ClCompile Include="ENEMY_1.cpp" />
    <ClCompile Include="PLAYER_BULLET.cpp" />
    <ClCompile Include="ENEMY_2.cpp" />
    <ClCompile Include="ENEMY_2_BULLET.cpp" />
    <ClCompile Include="BOSS.cpp" />
    <ClCompile Include="BOSS_BULLET_1.cpp" />
    <ClCompile Include="BOSS_BULLET_2.cpp" />
    <ClCompile Include="BOSS_BULLET_3.cpp" />
    <ClCompile Include="HEALINGPORTION.cpp" />
    <ClCompile Include="POWERUP_ITEM.cpp" />
    <ClCompile Include="PLAYER_BULLET2.cpp" />
  </ItemGroup>
  <ItemGroup>
    <ResourceCompile Include="resource.rc">
      <Filter>リソース ファイル</Filter>
    </ResourceCompile>
  </ItemGroup>
  <ItemGroup>
    <ClInclude Include="GAME.h">
      <Filter>manager</Filter>
    </ClInclude>
    <ClInclude Include="GAME_CLEAR.h">
      <Filter>scene</Filter>
    </ClInclude>
    <ClInclude Include="GAME_OBJECT.h">
      <Filter>scene</Filter>
    </ClInclude>
    <ClInclude Include="GAME_OVER.h">
      <Filter>scene</Filter>
    </ClInclude>
    <ClInclude Include="STAGE.h">
      <Filter>scene</Filter>
    </ClInclude>
    <ClInclude Include="TITLE.h">
      <Filter>scene</Filter>
    </ClInclude>
    <ClInclude Include="SCENE.h">
      <Filter>scene\base</Filter>
    </ClInclude>
    <ClInclude Include="CONTAINER.h">
      <Filter>container</Filter>
    </ClInclude>
    <ClInclude Include="MAP.h" />
    <ClInclude Include="CHARACTER.h" />
    <ClInclude Include="CHARACTER_MANAGER.h" />
    <ClInclude Include="PLAYER.h" />
    <ClInclude Include="HIT_POINT.h" />
    <ClInclude Include="ENEMY_1.h" />
    <ClInclude Include="PLAYER_BULLET.h" />
    <ClInclude Include="ENEMY_2.h" />
    <ClInclude Include="ENEMY_2_BULLET.h" />
    <ClInclude Include="BOSS.h" />
    <ClInclude Include="BOSS_BULLET_1.h" />
    <ClInclude Include="BOSS_BULLET_2.h" />
    <ClInclude Include="BOSS_BULLET_3.h" />
    <ClInclude Include="HEALINGPORTION.h" />
    <ClInclude Include="POWERUP_ITEM.h" />
    <ClInclude Include="PLAYER_BULLET2.h" />
  </ItemGroup>
  <ItemGroup>
    <Text Include="assets\map1.txt" />
  </ItemGroup>
</Project>